
Microsoft Visual Studio Solution File, Format Version 12.00
# Visual Studio 2012
Project("{FAE04EC0-301F-11D3-BF4B-00C04F79EFBC}") = "WebApplicationCI", "WebApplicationCI\WebApplicationCI.csproj", "{91E19032-C95D-46DE-AF59-6A0882AAB82B}"
EndProject
Project("{FAE04EC0-301F-11D3-BF4B-00C04F79EFBC}") = "UnitTestProjectCI", "UnitTestProjectCI\UnitTestProjectCI.csproj", "{6D4EA2C9-F9A5-4987-8C6F-C92651C0F315}"
EndProject
Project("{2150E333-8FDC-42A3-9474-1A3956D46DE8}") = ".nuget", ".nuget", "{CE348EA5-2335-422E-B042-AAA1262B7DD9}"
	ProjectSection(SolutionItems) = preProject
		.nuget\packages.config = .nuget\packages.config
	EndProjectSection
EndProject
Global
	GlobalSection(SolutionConfigurationPlatforms) = preSolution
		Debug|Any CPU = Debug|Any CPU
		Release|Any CPU = Release|Any CPU
	EndGlobalSection
	GlobalSection(ProjectConfigurationPlatforms) = postSolution
		{91E19032-C95D-46DE-AF59-6A0882AAB82B}.Debug|Any CPU.ActiveCfg = Debug|Any CPU
		{91E19032-C95D-46DE-AF59-6A0882AAB82B}.Debug|Any CPU.Build.0 = Debug|Any CPU
		{91E19032-C95D-46DE-AF59-6A0882AAB82B}.Release|Any CPU.ActiveCfg = Release|Any CPU
		{91E19032-C95D-46DE-AF59-6A0882AAB82B}.Release|Any CPU.Build.0 = Release|Any CPU
		{6D4EA2C9-F9A5-4987-8C6F-C92651C0F315}.Debug|Any CPU.ActiveCfg = Debug|Any CPU
		{6D4EA2C9-F9A5-4987-8C6F-C92651C0F315}.Debug|Any CPU.Build.0 = Debug|Any CPU
		{6D4EA2C9-F9A5-4987-8C6F-C92651C0F315}.Release|Any CPU.ActiveCfg = Release|Any CPU
		{6D4EA2C9-F9A5-4987-8C6F-C92651C0F315}.Release|Any CPU.Build.0 = Release|Any CPU
	EndGlobalSection
	GlobalSection(SolutionProperties) = preSolution
		HideSolutionNode = FALSE
	EndGlobalSection
EndGlobal
